
Microsoft Visual Studio Solution File, Format Version 12.00
# Visual Studio Version 16
VisualStudioVersion = 16.0.30907.101
MinimumVisualStudioVersion = 10.0.40219.1
Project("{2150E333-8FDC-42A3-9474-1A3956D46DE8}") = "Src", "Src", "{A6BC210E-1F28-4D4A-BD3D-35F5A3AC5FA9}"
EndProject
Project("{2150E333-8FDC-42A3-9474-1A3956D46DE8}") = "Catalog", "Catalog", "{C5648CF7-22E3-45BB-89E4-BBDE9F301A45}"
EndProject
Project("{9A19103F-16F7-4668-BE54-9A1E7A4F7556}") = "Catalog.API", "src\Catalog\Catalog.API\Catalog.API.csproj", "{CE194436-73CF-4FA8-8184-BCDEF53EB326}"
EndProject
Project("{E53339B2-1760-4266-BCC7-CA923CBCF16C}") = "docker-compose", "docker-compose.dcproj", "{4E289EA3-778A-4DE9-BE53-48F7853E439A}"
EndProject
Project("{2150E333-8FDC-42A3-9474-1A3956D46DE8}") = "Basket", "Basket", "{B325574A-12E0-4E74-8F4F-12E777A42107}"
EndProject
Project("{9A19103F-16F7-4668-BE54-9A1E7A4F7556}") = "Basket.API", "src\Basket\Basket.API\Basket.API.csproj", "{491E8B67-B891-4FE0-B3A3-A9F1083E4D6E}"
EndProject
Project("{2150E333-8FDC-42A3-9474-1A3956D46DE8}") = "Common", "Common", "{A4AC4D91-DF51-4C1B-83A3-03181A85AD3B}"
EndProject
Project("{9A19103F-16F7-4668-BE54-9A1E7A4F7556}") = "EventBusRabbitMQ", "Common\EventBusRabbitMQ\EventBusRabbitMQ.csproj", "{A9D8A708-726A-4065-AC3C-224B9C590857}"
EndProject
Project("{2150E333-8FDC-42A3-9474-1A3956D46DE8}") = "Ordering", "Ordering", "{9AF9B612-0C26-4B14-9984-5F298D2A310F}"
EndProject
Project("{9A19103F-16F7-4668-BE54-9A1E7A4F7556}") = "Ordering.API", "src\Ordering\Ordering.API\Ordering.API.csproj", "{F7A80544-E06B-40E6-BABC-E9382266C701}"
EndProject
Project("{FAE04EC0-301F-11D3-BF4B-00C04F79EFBC}") = "Ordering.Core", "src\Ordering\Ordering.Core\Ordering.Core.csproj", "{0B7BED94-6080-4654-A0A5-961306D9D4E1}"
EndProject
Project("{FAE04EC0-301F-11D3-BF4B-00C04F79EFBC}") = "Ordering.Infrastructure", "src\Ordering\Ordering.Infrastructure\Ordering.Infrastructure.csproj", "{DA25C336-BD3D-4C27-BA4D-41D05ABCAD42}"
EndProject
Project("{FAE04EC0-301F-11D3-BF4B-00C04F79EFBC}") = "Ordering.Application", "..\Ordering.Application\Ordering.Application.csproj", "{E30A310D-608D-4357-9409-2CC488607D63}"
EndProject
Global
	GlobalSection(SolutionConfigurationPlatforms) = preSolution
		Debug|Any CPU = Debug|Any CPU
		Release|Any CPU = Release|Any CPU
	EndGlobalSection
	GlobalSection(ProjectConfigurationPlatforms) = postSolution
		{CE194436-73CF-4FA8-8184-BCDEF53EB326}.Debug|Any CPU.ActiveCfg = Debug|Any CPU
		{CE194436-73CF-4FA8-8184-BCDEF53EB326}.Debug|Any CPU.Build.0 = Debug|Any CPU
		{CE194436-73CF-4FA8-8184-BCDEF53EB326}.Release|Any CPU.ActiveCfg = Release|Any CPU
		{CE194436-73CF-4FA8-8184-BCDEF53EB326}.Release|Any CPU.Build.0 = Release|Any CPU
		{4E289EA3-778A-4DE9-BE53-48F7853E439A}.Debug|Any CPU.ActiveCfg = Debug|Any CPU
		{4E289EA3-778A-4DE9-BE53-48F7853E439A}.Debug|Any CPU.Build.0 = Debug|Any CPU
		{4E289EA3-778A-4DE9-BE53-48F7853E439A}.Release|Any CPU.ActiveCfg = Release|Any CPU
		{4E289EA3-778A-4DE9-BE53-48F7853E439A}.Release|Any CPU.Build.0 = Release|Any CPU
		{491E8B67-B891-4FE0-B3A3-A9F1083E4D6E}.Debug|Any CPU.ActiveCfg = Debug|Any CPU
		{491E8B67-B891-4FE0-B3A3-A9F1083E4D6E}.Debug|Any CPU.Build.0 = Debug|Any CPU
		{491E8B67-B891-4FE0-B3A3-A9F1083E4D6E}.Release|Any CPU.ActiveCfg = Release|Any CPU
		{491E8B67-B891-4FE0-B3A3-A9F1083E4D6E}.Release|Any CPU.Build.0 = Release|Any CPU
		{A9D8A708-726A-4065-AC3C-224B9C590857}.Debug|Any CPU.ActiveCfg = Debug|Any CPU
		{A9D8A708-726A-4065-AC3C-224B9C590857}.Debug|Any CPU.Build.0 = Debug|Any CPU
		{A9D8A708-726A-4065-AC3C-224B9C590857}.Release|Any CPU.ActiveCfg = Release|Any CPU
		{A9D8A708-726A-4065-AC3C-224B9C590857}.Release|Any CPU.Build.0 = Release|Any CPU
		{F7A80544-E06B-40E6-BABC-E9382266C701}.Debug|Any CPU.ActiveCfg = Debug|Any CPU
		{F7A80544-E06B-40E6-BABC-E9382266C701}.Debug|Any CPU.Build.0 = Debug|Any CPU
		{F7A80544-E06B-40E6-BABC-E9382266C701}.Release|Any CPU.ActiveCfg = Release|Any CPU
		{F7A80544-E06B-40E6-BABC-E9382266C701}.Release|Any CPU.Build.0 = Release|Any CPU
		{0B7BED94-6080-4654-A0A5-961306D9D4E1}.Debug|Any CPU.ActiveCfg = Debug|Any CPU
		{0B7BED94-6080-4654-A0A5-961306D9D4E1}.Debug|Any CPU.Build.0 = Debug|Any CPU
		{0B7BED94-6080-4654-A0A5-961306D9D4E1}.Release|Any CPU.ActiveCfg = Release|Any CPU
		{0B7BED94-6080-4654-A0A5-961306D9D4E1}.Release|Any CPU.Build.0 = Release|Any CPU
		{DA25C336-BD3D-4C27-BA4D-41D05ABCAD42}.Debug|Any CPU.ActiveCfg = Debug|Any CPU
		{DA25C336-BD3D-4C27-BA4D-41D05ABCAD42}.Debug|Any CPU.Build.0 = Debug|Any CPU
		{DA25C336-BD3D-4C27-BA4D-41D05ABCAD42}.Release|Any CPU.ActiveCfg = Release|Any CPU
		{DA25C336-BD3D-4C27-BA4D-41D05ABCAD42}.Release|Any CPU.Build.0 = Release|Any CPU
		{E30A310D-608D-4357-9409-2CC488607D63}.Debug|Any CPU.ActiveCfg = Debug|Any CPU
		{E30A310D-608D-4357-9409-2CC488607D63}.Debug|Any CPU.Build.0 = Debug|Any CPU
		{E30A310D-608D-4357-9409-2CC488607D63}.Release|Any CPU.ActiveCfg = Release|Any CPU
		{E30A310D-608D-4357-9409-2CC488607D63}.Release|Any CPU.Build.0 = Release|Any CPU
	EndGlobalSection
	GlobalSection(SolutionProperties) = preSolution
		HideSolutionNode = FALSE
	EndGlobalSection
	GlobalSection(NestedProjects) = preSolution
		{C5648CF7-22E3-45BB-89E4-BBDE9F301A45} = {A6BC210E-1F28-4D4A-BD3D-35F5A3AC5FA9}
		{CE194436-73CF-4FA8-8184-BCDEF53EB326} = {C5648CF7-22E3-45BB-89E4-BBDE9F301A45}
		{B325574A-12E0-4E74-8F4F-12E777A42107} = {A6BC210E-1F28-4D4A-BD3D-35F5A3AC5FA9}
		{491E8B67-B891-4FE0-B3A3-A9F1083E4D6E} = {B325574A-12E0-4E74-8F4F-12E777A42107}
		{A4AC4D91-DF51-4C1B-83A3-03181A85AD3B} = {A6BC210E-1F28-4D4A-BD3D-35F5A3AC5FA9}
		{A9D8A708-726A-4065-AC3C-224B9C590857} = {A4AC4D91-DF51-4C1B-83A3-03181A85AD3B}
		{9AF9B612-0C26-4B14-9984-5F298D2A310F} = {A6BC210E-1F28-4D4A-BD3D-35F5A3AC5FA9}
		{F7A80544-E06B-40E6-BABC-E9382266C701} = {9AF9B612-0C26-4B14-9984-5F298D2A310F}
		{0B7BED94-6080-4654-A0A5-961306D9D4E1} = {9AF9B612-0C26-4B14-9984-5F298D2A310F}
		{DA25C336-BD3D-4C27-BA4D-41D05ABCAD42} = {9AF9B612-0C26-4B14-9984-5F298D2A310F}
		{E30A310D-608D-4357-9409-2CC488607D63} = {9AF9B612-0C26-4B14-9984-5F298D2A310F}
	EndGlobalSection
	GlobalSection(ExtensibilityGlobals) = postSolution
		SolutionGuid = {4442D1D4-F793-44B3-8608-BF1DE1E3F6EA}
	EndGlobalSection
EndGlobal
